{
  "requires": true,
  "lockfileVersion": 1,
  "dependencies": {
    "vuetify": {
      "version": "2.3.17",
      "resolved": "https://registry.npmjs.org/vuetify/-/vuetify-2.3.17.tgz",
      "integrity": "sha512-XqVDsCKHcWmJDJaSXEYg8Qt1jFdAhgm/L5ppAo19ATyld181lu0BC3V3vjakpU2uScHVwjxZw8Gre0lz+2cGvA=="
    }
  }
}
